// !$*UTF8*$!
{
	archiveVersion = 1;
	classes = {
	};
	objectVersion = 56;
	objects = {

/* Begin PBXFileReference section */
		DA2094182BC2C94100737A12 /* LocoNetGatewayS.odt */ = {isa = PBXFileReference; lastKnownFileType = file; path = LocoNetGatewayS.odt; sourceTree = "<group>"; };
		DA2094192BC2C94100737A12 /* LocoNetGatewayTN.odt */ = {isa = PBXFileReference; lastKnownFileType = file; path = LocoNetGatewayTN.odt; sourceTree = "<group>"; };
		DA20941A2BC2CCFB00737A12 /* LocoNetGatewayS.pdf */ = {isa = PBXFileReference; lastKnownFileType = image.pdf; path = LocoNetGatewayS.pdf; sourceTree = "<group>"; };
		DA20941B2BC2CCFB00737A12 /* LocoNetGatewayTN.pdf */ = {isa = PBXFileReference; lastKnownFileType = image.pdf; path = LocoNetGatewayTN.pdf; sourceTree = "<group>"; };
		DA459AAE29E0547000CD7D0B /* 0_TransportLayer.tex */ = {isa = PBXFileReference; lastKnownFileType = text; path = 0_TransportLayer.tex; sourceTree = "<group>"; };
		DACCC66A29D8F83900E134DF /* LCC Notes.tex */ = {isa = PBXFileReference; lastKnownFileType = text; path = "LCC Notes.tex"; sourceTree = "<group>"; };
		DACCC66C29D8FF6400E134DF /* 0_GlossaryDefs.tex */ = {isa = PBXFileReference; lastKnownFileType = text; path = 0_GlossaryDefs.tex; sourceTree = "<group>"; };
		DACCC66E29D900D300E134DF /* 0_RevisionHistory.tex */ = {isa = PBXFileReference; lastKnownFileType = text; path = 0_RevisionHistory.tex; sourceTree = "<group>"; };
/* End PBXFileReference section */

/* Begin PBXGroup section */
		DA2094172BC2C8C000737A12 /* OpenLCB */ = {
			isa = PBXGroup;
			children = (
				DA2094182BC2C94100737A12 /* LocoNetGatewayS.odt */,
				DA20941A2BC2CCFB00737A12 /* LocoNetGatewayS.pdf */,
				DA20941B2BC2CCFB00737A12 /* LocoNetGatewayTN.pdf */,
				DA2094192BC2C94100737A12 /* LocoNetGatewayTN.odt */,
			);
			path = OpenLCB;
			sourceTree = "<group>";
		};
		DA459AAD29E0544300CD7D0B /* Transport */ = {
			isa = PBXGroup;
			children = (
				DA459AAE29E0547000CD7D0B /* 0_TransportLayer.tex */,
			);
			path = Transport;
			sourceTree = "<group>";
		};
		DA51FB9F29D8F59A002CAAC1 = {
			isa = PBXGroup;
			children = (
				DA2094172BC2C8C000737A12 /* OpenLCB */,
				DA459AAD29E0544300CD7D0B /* Transport */,
				DACCC66D29D900B000E134DF /* RevisionHistory */,
				DACCC66B29D8FF2B00E134DF /* Glossary */,
				DACCC66A29D8F83900E134DF /* LCC Notes.tex */,
			);
			sourceTree = "<group>";
		};
		DACCC66B29D8FF2B00E134DF /* Glossary */ = {
			isa = PBXGroup;
			children = (
				DACCC66C29D8FF6400E134DF /* 0_GlossaryDefs.tex */,
			);
			path = Glossary;
			sourceTree = "<group>";
		};
		DACCC66D29D900B000E134DF /* RevisionHistory */ = {
			isa = PBXGroup;
			children = (
				DACCC66E29D900D300E134DF /* 0_RevisionHistory.tex */,
			);
			path = RevisionHistory;
			sourceTree = "<group>";
		};
/* End PBXGroup section */

/* Begin PBXProject section */
		DA51FBA029D8F59A002CAAC1 /* Project object */ = {
			isa = PBXProject;
			attributes = {
				BuildIndependentTargetsInParallel = 1;
				LastUpgradeCheck = 1430;
			};
			buildConfigurationList = DA51FBA329D8F59A002CAAC1 /* Build configuration list for PBXProject "LCC Notes" */;
			compatibilityVersion = "Xcode 14.0";
			developmentRegion = en;
			hasScannedForEncodings = 0;
			knownRegions = (
				en,
				Base,
			);
			mainGroup = DA51FB9F29D8F59A002CAAC1;
			projectDirPath = "";
			projectRoot = "";
			targets = (
			);
		};
/* End PBXProject section */

/* Begin XCBuildConfiguration section */
		DA51FBA429D8F59A002CAAC1 /* Debug */ = {
			isa = XCBuildConfiguration;
			buildSettings = {
			};
			name = Debug;
		};
		DA51FBA529D8F59A002CAAC1 /* Release */ = {
			isa = XCBuildConfiguration;
			buildSettings = {
			};
			name = Release;
		};
/* End XCBuildConfiguration section */

/* Begin XCConfigurationList section */
		DA51FBA329D8F59A002CAAC1 /* Build configuration list for PBXProject "LCC Notes" */ = {
			isa = XCConfigurationList;
			buildConfigurations = (
				DA51FBA429D8F59A002CAAC1 /* Debug */,
				DA51FBA529D8F59A002CAAC1 /* Release */,
			);
			defaultConfigurationIsVisible = 0;
			defaultConfigurationName = Release;
		};
/* End XCConfigurationList section */
	};
	rootObject = DA51FBA029D8F59A002CAAC1 /* Project object */;
}
